
Microsoft Visual Studio Solution File, Format Version 12.00
# Visual Studio Version 17
VisualStudioVersion = 17.9.34902.65
MinimumVisualStudioVersion = 10.0.40219.1
Project("{2150E333-8FDC-42A3-9474-1A3956D46DE8}") = "src", "src", "{A28D4271-7F4D-4FAA-BEEA-C6CA47B98769}"
EndProject
Project("{2150E333-8FDC-42A3-9474-1A3956D46DE8}") = "Services", "Services", "{B59643CE-CDB5-4365-95CE-9EEF6731978E}"
EndProject
Project("{2150E333-8FDC-42A3-9474-1A3956D46DE8}") = "Catalog", "Catalog", "{20D84286-AA4C-4625-8740-EB7614A07CCD}"
EndProject
Project("{2150E333-8FDC-42A3-9474-1A3956D46DE8}") = "BuildingBlocks", "BuildingBlocks", "{9DC98526-EAF8-4C10-85B8-D6586A35CF65}"
EndProject
Project("{9A19103F-16F7-4668-BE54-9A1E7A4F7556}") = "BuildingBlocks", "src\BuildingBlocks\BuildingBlocks\BuildingBlocks.csproj", "{3FBB5C31-6191-42AE-B278-1DBE9A76429C}"
EndProject
Project("{2150E333-8FDC-42A3-9474-1A3956D46DE8}") = "ApiGateWays", "ApiGateWays", "{103A7C31-2BF9-43F5-85B4-527639323640}"
EndProject
Project("{9A19103F-16F7-4668-BE54-9A1E7A4F7556}") = "YarpApiGateway", "src\ApiGateways\YarpApiGateway\YarpApiGateway.csproj", "{4F8D211C-4619-425E-A127-EBCF4D753BAD}"
EndProject
Project("{FAE04EC0-301F-11D3-BF4B-00C04F79EFBC}") = "Catalog.API", "src\Services\Catalog\Catalog.API\Catalog.API.csproj", "{AE69BD20-5EC3-476F-BE09-689E4B0C4178}"
EndProject
Global
	GlobalSection(SolutionConfigurationPlatforms) = preSolution
		Debug|Any CPU = Debug|Any CPU
		Release|Any CPU = Release|Any CPU
	EndGlobalSection
	GlobalSection(ProjectConfigurationPlatforms) = postSolution
		{3FBB5C31-6191-42AE-B278-1DBE9A76429C}.Debug|Any CPU.ActiveCfg = Debug|Any CPU
		{3FBB5C31-6191-42AE-B278-1DBE9A76429C}.Debug|Any CPU.Build.0 = Debug|Any CPU
		{3FBB5C31-6191-42AE-B278-1DBE9A76429C}.Release|Any CPU.ActiveCfg = Release|Any CPU
		{3FBB5C31-6191-42AE-B278-1DBE9A76429C}.Release|Any CPU.Build.0 = Release|Any CPU
		{4F8D211C-4619-425E-A127-EBCF4D753BAD}.Debug|Any CPU.ActiveCfg = Debug|Any CPU
		{4F8D211C-4619-425E-A127-EBCF4D753BAD}.Debug|Any CPU.Build.0 = Debug|Any CPU
		{4F8D211C-4619-425E-A127-EBCF4D753BAD}.Release|Any CPU.ActiveCfg = Release|Any CPU
		{4F8D211C-4619-425E-A127-EBCF4D753BAD}.Release|Any CPU.Build.0 = Release|Any CPU
		{AE69BD20-5EC3-476F-BE09-689E4B0C4178}.Debug|Any CPU.ActiveCfg = Debug|Any CPU
		{AE69BD20-5EC3-476F-BE09-689E4B0C4178}.Debug|Any CPU.Build.0 = Debug|Any CPU
		{AE69BD20-5EC3-476F-BE09-689E4B0C4178}.Release|Any CPU.ActiveCfg = Release|Any CPU
		{AE69BD20-5EC3-476F-BE09-689E4B0C4178}.Release|Any CPU.Build.0 = Release|Any CPU
	EndGlobalSection
	GlobalSection(SolutionProperties) = preSolution
		HideSolutionNode = FALSE
	EndGlobalSection
	GlobalSection(NestedProjects) = preSolution
		{B59643CE-CDB5-4365-95CE-9EEF6731978E} = {A28D4271-7F4D-4FAA-BEEA-C6CA47B98769}
		{20D84286-AA4C-4625-8740-EB7614A07CCD} = {B59643CE-CDB5-4365-95CE-9EEF6731978E}
		{9DC98526-EAF8-4C10-85B8-D6586A35CF65} = {A28D4271-7F4D-4FAA-BEEA-C6CA47B98769}
		{3FBB5C31-6191-42AE-B278-1DBE9A76429C} = {9DC98526-EAF8-4C10-85B8-D6586A35CF65}
		{103A7C31-2BF9-43F5-85B4-527639323640} = {A28D4271-7F4D-4FAA-BEEA-C6CA47B98769}
		{4F8D211C-4619-425E-A127-EBCF4D753BAD} = {103A7C31-2BF9-43F5-85B4-527639323640}
		{AE69BD20-5EC3-476F-BE09-689E4B0C4178} = {20D84286-AA4C-4625-8740-EB7614A07CCD}
	EndGlobalSection
	GlobalSection(ExtensibilityGlobals) = postSolution
		SolutionGuid = {DB290101-EAF4-4AC5-BAC3-C69EABDE98A5}
	EndGlobalSection
EndGlobal
